
Microsoft Visual Studio Solution File, Format Version 12.00
# Visual Studio Version 17
VisualStudioVersion = 17.0.31903.59
MinimumVisualStudioVersion = 10.0.40219.1
Project("{9A19103F-16F7-4668-BE54-9A1E7A4F7556}") = "PlaybackService", "src\PlaybackService.csproj", "{A084A6AB-1CCC-42AA-B16B-FD78BF9BA1C5}"
EndProject
Project("{9A19103F-16F7-4668-BE54-9A1E7A4F7556}") = "PlaybackService.Test", "test\PlaybackService.Test.csproj", "{913B6876-C2CF-4545-A3E3-1F1918510508}"
EndProject
Global
	GlobalSection(SolutionConfigurationPlatforms) = preSolution
		Debug|Any CPU = Debug|Any CPU
		Release|Any CPU = Release|Any CPU
	EndGlobalSection
	GlobalSection(ProjectConfigurationPlatforms) = postSolution
		{A084A6AB-1CCC-42AA-B16B-FD78BF9BA1C5}.Debug|Any CPU.ActiveCfg = Debug|Any CPU
		{A084A6AB-1CCC-42AA-B16B-FD78BF9BA1C5}.Debug|Any CPU.Build.0 = Debug|Any CPU
		{A084A6AB-1CCC-42AA-B16B-FD78BF9BA1C5}.Release|Any CPU.ActiveCfg = Release|Any CPU
		{A084A6AB-1CCC-42AA-B16B-FD78BF9BA1C5}.Release|Any CPU.Build.0 = Release|Any CPU
		{913B6876-C2CF-4545-A3E3-1F1918510508}.Debug|Any CPU.ActiveCfg = Debug|Any CPU
		{913B6876-C2CF-4545-A3E3-1F1918510508}.Debug|Any CPU.Build.0 = Debug|Any CPU
		{913B6876-C2CF-4545-A3E3-1F1918510508}.Release|Any CPU.ActiveCfg = Release|Any CPU
		{913B6876-C2CF-4545-A3E3-1F1918510508}.Release|Any CPU.Build.0 = Release|Any CPU
	EndGlobalSection
	GlobalSection(SolutionProperties) = preSolution
		HideSolutionNode = FALSE
	EndGlobalSection
	GlobalSection(ExtensibilityGlobals) = postSolution
		SolutionGuid = {D1C9648F-3171-462F-91D9-859731437864}
	EndGlobalSection
EndGlobal
