
Microsoft Visual Studio Solution File, Format Version 12.00
# Visual Studio Version 17
VisualStudioVersion = 17.5.33530.505
MinimumVisualStudioVersion = 10.0.40219.1
Project("{9A19103F-16F7-4668-BE54-9A1E7A4F7556}") = "AMSMigrate", "AMSMigrate.csproj", "{05737309-7159-41B2-847D-ADB2B8F9719A}"
EndProject
Project("{FAE04EC0-301F-11D3-BF4B-00C04F79EFBC}") = "MigrateAsset", "..\MigrateAsset\MigrateAsset.csproj", "{789D2399-EC18-49B7-80BC-504A12734EE8}"
	ProjectSection(ProjectDependencies) = postProject
		{05737309-7159-41B2-847D-ADB2B8F9719A} = {05737309-7159-41B2-847D-ADB2B8F9719A}
	EndProjectSection
EndProject
Global
	GlobalSection(SolutionConfigurationPlatforms) = preSolution
		Debug|Any CPU = Debug|Any CPU
		Release|Any CPU = Release|Any CPU
	EndGlobalSection
	GlobalSection(ProjectConfigurationPlatforms) = postSolution
		{05737309-7159-41B2-847D-ADB2B8F9719A}.Debug|Any CPU.ActiveCfg = Debug|Any CPU
		{05737309-7159-41B2-847D-ADB2B8F9719A}.Debug|Any CPU.Build.0 = Debug|Any CPU
		{05737309-7159-41B2-847D-ADB2B8F9719A}.Release|Any CPU.ActiveCfg = Release|Any CPU
		{05737309-7159-41B2-847D-ADB2B8F9719A}.Release|Any CPU.Build.0 = Release|Any CPU
		{789D2399-EC18-49B7-80BC-504A12734EE8}.Debug|Any CPU.ActiveCfg = Debug|Any CPU
		{789D2399-EC18-49B7-80BC-504A12734EE8}.Debug|Any CPU.Build.0 = Debug|Any CPU
		{789D2399-EC18-49B7-80BC-504A12734EE8}.Release|Any CPU.ActiveCfg = Release|Any CPU
		{789D2399-EC18-49B7-80BC-504A12734EE8}.Release|Any CPU.Build.0 = Release|Any CPU
	EndGlobalSection
	GlobalSection(SolutionProperties) = preSolution
		HideSolutionNode = FALSE
	EndGlobalSection
	GlobalSection(ExtensibilityGlobals) = postSolution
		SolutionGuid = {C982917F-228E-4492-8A4E-33E2829506D5}
	EndGlobalSection
EndGlobal
