
Microsoft Visual Studio Solution File, Format Version 12.00
# Visual Studio Version 17
VisualStudioVersion = 17.0.31903.59
MinimumVisualStudioVersion = 10.0.40219.1
Project("{9A19103F-16F7-4668-BE54-9A1E7A4F7556}") = "EncodingAndPackagingTool.Core", "EncodingAndPackagingTool.Core\EncodingAndPackagingTool.Core.csproj", "{E2719164-6D20-45ED-892D-ACAFD492683F}"
EndProject
Project("{9A19103F-16F7-4668-BE54-9A1E7A4F7556}") = "EncodingAndPackagingTool.Cli", "EncodingAndPackagingTool.Cli\EncodingAndPackagingTool.Cli.csproj", "{BBC73920-57DA-47C1-93FD-C70B7A8CE1F0}"
EndProject
Project("{9A19103F-16F7-4668-BE54-9A1E7A4F7556}") = "EncodingAndPackagingTool.AzureFunction", "EncodingAndPackagingTool.AzureFunction\EncodingAndPackagingTool.AzureFunction.csproj", "{8D4079CC-067D-401F-B4A7-DAAD0A34A3FE}"
EndProject
Project("{9A19103F-16F7-4668-BE54-9A1E7A4F7556}") = "EncodingAndPackagingTool.Test", "EncodingAndPackagingTool.Test\EncodingAndPackagingTool.Test.csproj", "{A80B57CB-880C-437F-8351-40582DB08CAA}"
EndProject
Global
	GlobalSection(SolutionConfigurationPlatforms) = preSolution
		Debug|Any CPU = Debug|Any CPU
		Release|Any CPU = Release|Any CPU
	EndGlobalSection
	GlobalSection(ProjectConfigurationPlatforms) = postSolution
		{E2719164-6D20-45ED-892D-ACAFD492683F}.Debug|Any CPU.ActiveCfg = Debug|Any CPU
		{E2719164-6D20-45ED-892D-ACAFD492683F}.Debug|Any CPU.Build.0 = Debug|Any CPU
		{E2719164-6D20-45ED-892D-ACAFD492683F}.Release|Any CPU.ActiveCfg = Release|Any CPU
		{E2719164-6D20-45ED-892D-ACAFD492683F}.Release|Any CPU.Build.0 = Release|Any CPU
		{BBC73920-57DA-47C1-93FD-C70B7A8CE1F0}.Debug|Any CPU.ActiveCfg = Debug|Any CPU
		{BBC73920-57DA-47C1-93FD-C70B7A8CE1F0}.Debug|Any CPU.Build.0 = Debug|Any CPU
		{BBC73920-57DA-47C1-93FD-C70B7A8CE1F0}.Release|Any CPU.ActiveCfg = Release|Any CPU
		{BBC73920-57DA-47C1-93FD-C70B7A8CE1F0}.Release|Any CPU.Build.0 = Release|Any CPU
		{8D4079CC-067D-401F-B4A7-DAAD0A34A3FE}.Debug|Any CPU.ActiveCfg = Debug|Any CPU
		{8D4079CC-067D-401F-B4A7-DAAD0A34A3FE}.Debug|Any CPU.Build.0 = Debug|Any CPU
		{8D4079CC-067D-401F-B4A7-DAAD0A34A3FE}.Release|Any CPU.ActiveCfg = Release|Any CPU
		{8D4079CC-067D-401F-B4A7-DAAD0A34A3FE}.Release|Any CPU.Build.0 = Release|Any CPU
		{A80B57CB-880C-437F-8351-40582DB08CAA}.Debug|Any CPU.ActiveCfg = Debug|Any CPU
		{A80B57CB-880C-437F-8351-40582DB08CAA}.Debug|Any CPU.Build.0 = Debug|Any CPU
		{A80B57CB-880C-437F-8351-40582DB08CAA}.Release|Any CPU.ActiveCfg = Release|Any CPU
		{A80B57CB-880C-437F-8351-40582DB08CAA}.Release|Any CPU.Build.0 = Release|Any CPU
	EndGlobalSection
	GlobalSection(SolutionProperties) = preSolution
		HideSolutionNode = FALSE
	EndGlobalSection
	GlobalSection(ExtensibilityGlobals) = postSolution
		SolutionGuid = {6440DCD5-B8EE-4E88-BE34-6CB0817578F4}
	EndGlobalSection
EndGlobal
